
Microsoft Visual Studio Solution File, Format Version 12.00
# Visual Studio Version 16
VisualStudioVersion = 16.0.30804.86
MinimumVisualStudioVersion = 10.0.40219.1
Project("{FAE04EC0-301F-11D3-BF4B-00C04F79EFBC}") = "GameProject", "GameProject\GameProject.csproj", "{792C574D-35ED-4BF1-A03A-E061117C8572}"
EndProject
Global
	GlobalSection(SolutionConfigurationPlatforms) = preSolution
		Debug|Any CPU = Debug|Any CPU
		Release|Any CPU = Release|Any CPU
	EndGlobalSection
	GlobalSection(ProjectConfigurationPlatforms) = postSolution
		{792C574D-35ED-4BF1-A03A-E061117C8572}.Debug|Any CPU.ActiveCfg = Debug|Any CPU
		{792C574D-35ED-4BF1-A03A-E061117C8572}.Debug|Any CPU.Build.0 = Debug|Any CPU
		{792C574D-35ED-4BF1-A03A-E061117C8572}.Release|Any CPU.ActiveCfg = Release|Any CPU
		{792C574D-35ED-4BF1-A03A-E061117C8572}.Release|Any CPU.Build.0 = Release|Any CPU
	EndGlobalSection
	GlobalSection(SolutionProperties) = preSolution
		HideSolutionNode = FALSE
	EndGlobalSection
	GlobalSection(ExtensibilityGlobals) = postSolution
		SolutionGuid = {B4F9A980-0B3A-4AA9-9446-81652FDEFA92}
	EndGlobalSection
EndGlobal
